// !$*UTF8*$!
{
	archiveVersion = 1;
	classes = {
	};
	objectVersion = 56;
	objects = {

/* Begin PBXBuildFile section */
		7E876D7B29C6777B00B1D5BC /* TouchdownApp.swift in Sources */ = {isa = PBXBuildFile; fileRef = 7E876D7A29C6777B00B1D5BC /* TouchdownApp.swift */; };
		7E876D7D29C6777B00B1D5BC /* ContentView.swift in Sources */ = {isa = PBXBuildFile; fileRef = 7E876D7C29C6777B00B1D5BC /* ContentView.swift */; };
		7E876D7F29C6777F00B1D5BC /* Assets.xcassets in Resources */ = {isa = PBXBuildFile; fileRef = 7E876D7E29C6777F00B1D5BC /* Assets.xcassets */; };
		7E876D8229C6777F00B1D5BC /* Preview Assets.xcassets in Resources */ = {isa = PBXBuildFile; fileRef = 7E876D8129C6777F00B1D5BC /* Preview Assets.xcassets */; };
		7E876D8D29C6780D00B1D5BC /* brand.json in Resources */ = {isa = PBXBuildFile; fileRef = 7E876D8929C6780D00B1D5BC /* brand.json */; };
		7E876D8E29C6780D00B1D5BC /* player.json in Resources */ = {isa = PBXBuildFile; fileRef = 7E876D8A29C6780D00B1D5BC /* player.json */; };
		7E876D8F29C6780D00B1D5BC /* category.json in Resources */ = {isa = PBXBuildFile; fileRef = 7E876D8B29C6780D00B1D5BC /* category.json */; };
		7E876D9029C6780D00B1D5BC /* product.json in Resources */ = {isa = PBXBuildFile; fileRef = 7E876D8C29C6780D00B1D5BC /* product.json */; };
		7E876D9B29C67A8100B1D5BC /* FooterView.swift in Sources */ = {isa = PBXBuildFile; fileRef = 7E876D9A29C67A8100B1D5BC /* FooterView.swift */; };
		7EE9EB3729C6817D0073794D /* LogoView.swift in Sources */ = {isa = PBXBuildFile; fileRef = 7EE9EB3629C6817D0073794D /* LogoView.swift */; };
		7EE9EB3929C6824B0073794D /* CustomNavigationBarView.swift in Sources */ = {isa = PBXBuildFile; fileRef = 7EE9EB3829C6824B0073794D /* CustomNavigationBarView.swift */; };
		7EE9EB3B29C69D3F0073794D /* Constants.swift in Sources */ = {isa = PBXBuildFile; fileRef = 7EE9EB3A29C69D3F0073794D /* Constants.swift */; };
		7EE9EB3D29C6A25C0073794D /* Player.swift in Sources */ = {isa = PBXBuildFile; fileRef = 7EE9EB3C29C6A25C0073794D /* Player.swift */; };
		7EE9EB3F29C6A2A40073794D /* DecodeJsonFile+ Bundle.swift in Sources */ = {isa = PBXBuildFile; fileRef = 7EE9EB3E29C6A2A40073794D /* DecodeJsonFile+ Bundle.swift */; };
		7EE9EB4129C6A3160073794D /* ImagePlayerView.swift in Sources */ = {isa = PBXBuildFile; fileRef = 7EE9EB4029C6A3160073794D /* ImagePlayerView.swift */; };
		7EE9EB4329C6A3B60073794D /* SliderImagesView.swift in Sources */ = {isa = PBXBuildFile; fileRef = 7EE9EB4229C6A3B60073794D /* SliderImagesView.swift */; };
/* End PBXBuildFile section */

/* Begin PBXFileReference section */
		7E876D7729C6777B00B1D5BC /* Touchdown.app */ = {isa = PBXFileReference; explicitFileType = wrapper.application; includeInIndex = 0; path = Touchdown.app; sourceTree = BUILT_PRODUCTS_DIR; };
		7E876D7A29C6777B00B1D5BC /* TouchdownApp.swift */ = {isa = PBXFileReference; lastKnownFileType = sourcecode.swift; path = TouchdownApp.swift; sourceTree = "<group>"; };
		7E876D7C29C6777B00B1D5BC /* ContentView.swift */ = {isa = PBXFileReference; lastKnownFileType = sourcecode.swift; path = ContentView.swift; sourceTree = "<group>"; };
		7E876D7E29C6777F00B1D5BC /* Assets.xcassets */ = {isa = PBXFileReference; lastKnownFileType = folder.assetcatalog; path = Assets.xcassets; sourceTree = "<group>"; };
		7E876D8129C6777F00B1D5BC /* Preview Assets.xcassets */ = {isa = PBXFileReference; lastKnownFileType = folder.assetcatalog; path = "Preview Assets.xcassets"; sourceTree = "<group>"; };
		7E876D8929C6780D00B1D5BC /* brand.json */ = {isa = PBXFileReference; fileEncoding = 4; lastKnownFileType = text.json; path = brand.json; sourceTree = "<group>"; };
		7E876D8A29C6780D00B1D5BC /* player.json */ = {isa = PBXFileReference; fileEncoding = 4; lastKnownFileType = text.json; path = player.json; sourceTree = "<group>"; };
		7E876D8B29C6780D00B1D5BC /* category.json */ = {isa = PBXFileReference; fileEncoding = 4; lastKnownFileType = text.json; path = category.json; sourceTree = "<group>"; };
		7E876D8C29C6780D00B1D5BC /* product.json */ = {isa = PBXFileReference; fileEncoding = 4; lastKnownFileType = text.json; path = product.json; sourceTree = "<group>"; };
		7E876D9129C6784000B1D5BC /* Info.plist */ = {isa = PBXFileReference; lastKnownFileType = text.plist.xml; path = Info.plist; sourceTree = "<group>"; };
		7E876D9A29C67A8100B1D5BC /* FooterView.swift */ = {isa = PBXFileReference; lastKnownFileType = sourcecode.swift; path = FooterView.swift; sourceTree = "<group>"; };
		7EE9EB3629C6817D0073794D /* LogoView.swift */ = {isa = PBXFileReference; lastKnownFileType = sourcecode.swift; path = LogoView.swift; sourceTree = "<group>"; };
		7EE9EB3829C6824B0073794D /* CustomNavigationBarView.swift */ = {isa = PBXFileReference; lastKnownFileType = sourcecode.swift; path = CustomNavigationBarView.swift; sourceTree = "<group>"; };
		7EE9EB3A29C69D3F0073794D /* Constants.swift */ = {isa = PBXFileReference; lastKnownFileType = sourcecode.swift; path = Constants.swift; sourceTree = "<group>"; };
		7EE9EB3C29C6A25C0073794D /* Player.swift */ = {isa = PBXFileReference; lastKnownFileType = sourcecode.swift; path = Player.swift; sourceTree = "<group>"; };
		7EE9EB3E29C6A2A40073794D /* DecodeJsonFile+ Bundle.swift */ = {isa = PBXFileReference; fileEncoding = 4; lastKnownFileType = sourcecode.swift; path = "DecodeJsonFile+ Bundle.swift"; sourceTree = "<group>"; };
		7EE9EB4029C6A3160073794D /* ImagePlayerView.swift */ = {isa = PBXFileReference; lastKnownFileType = sourcecode.swift; path = ImagePlayerView.swift; sourceTree = "<group>"; };
		7EE9EB4229C6A3B60073794D /* SliderImagesView.swift */ = {isa = PBXFileReference; lastKnownFileType = sourcecode.swift; path = SliderImagesView.swift; sourceTree = "<group>"; };
/* End PBXFileReference section */

/* Begin PBXFrameworksBuildPhase section */
		7E876D7429C6777B00B1D5BC /* Frameworks */ = {
			isa = PBXFrameworksBuildPhase;
			buildActionMask = 2147483647;
			files = (
			);
			runOnlyForDeploymentPostprocessing = 0;
		};
/* End PBXFrameworksBuildPhase section */

/* Begin PBXGroup section */
		7E876D6E29C6777B00B1D5BC = {
			isa = PBXGroup;
			children = (
				7E876D7929C6777B00B1D5BC /* Touchdown */,
				7E876D7829C6777B00B1D5BC /* Products */,
			);
			sourceTree = "<group>";
		};
		7E876D7829C6777B00B1D5BC /* Products */ = {
			isa = PBXGroup;
			children = (
				7E876D7729C6777B00B1D5BC /* Touchdown.app */,
			);
			name = Products;
			sourceTree = "<group>";
		};
		7E876D7929C6777B00B1D5BC /* Touchdown */ = {
			isa = PBXGroup;
			children = (
				7E876D9229C678AF00B1D5BC /* App */,
				7E876D9529C679F500B1D5BC /* View */,
				7E876D9429C679EB00B1D5BC /* Model */,
				7E876D9729C67A1C00B1D5BC /* Utilities */,
				7E876D9629C67A0800B1D5BC /* Extensions */,
				7E876D9329C679AA00B1D5BC /* Resources */,
				7E876D8029C6777F00B1D5BC /* Preview Content */,
			);
			path = Touchdown;
			sourceTree = "<group>";
		};
		7E876D8029C6777F00B1D5BC /* Preview Content */ = {
			isa = PBXGroup;
			children = (
				7E876D8129C6777F00B1D5BC /* Preview Assets.xcassets */,
			);
			path = "Preview Content";
			sourceTree = "<group>";
		};
		7E876D8829C6780D00B1D5BC /* Data */ = {
			isa = PBXGroup;
			children = (
				7E876D8929C6780D00B1D5BC /* brand.json */,
				7E876D8A29C6780D00B1D5BC /* player.json */,
				7E876D8B29C6780D00B1D5BC /* category.json */,
				7E876D8C29C6780D00B1D5BC /* product.json */,
			);
			path = Data;
			sourceTree = "<group>";
		};
		7E876D9229C678AF00B1D5BC /* App */ = {
			isa = PBXGroup;
			children = (
				7E876D7A29C6777B00B1D5BC /* TouchdownApp.swift */,
				7E876D7C29C6777B00B1D5BC /* ContentView.swift */,
			);
			path = App;
			sourceTree = "<group>";
		};
		7E876D9329C679AA00B1D5BC /* Resources */ = {
			isa = PBXGroup;
			children = (
				7E876D8829C6780D00B1D5BC /* Data */,
				7E876D9129C6784000B1D5BC /* Info.plist */,
				7E876D7E29C6777F00B1D5BC /* Assets.xcassets */,
			);
			path = Resources;
			sourceTree = "<group>";
		};
		7E876D9429C679EB00B1D5BC /* Model */ = {
			isa = PBXGroup;
			children = (
				7EE9EB3C29C6A25C0073794D /* Player.swift */,
			);
			path = Model;
			sourceTree = "<group>";
		};
		7E876D9529C679F500B1D5BC /* View */ = {
			isa = PBXGroup;
			children = (
				7E876D9829C67A2B00B1D5BC /* Home */,
				7E876D9929C67A4300B1D5BC /* Detail */,
			);
			path = View;
			sourceTree = "<group>";
		};
		7E876D9629C67A0800B1D5BC /* Extensions */ = {
			isa = PBXGroup;
			children = (
				7EE9EB3E29C6A2A40073794D /* DecodeJsonFile+ Bundle.swift */,
			);
			path = Extensions;
			sourceTree = "<group>";
		};
		7E876D9729C67A1C00B1D5BC /* Utilities */ = {
			isa = PBXGroup;
			children = (
				7EE9EB3A29C69D3F0073794D /* Constants.swift */,
			);
			path = Utilities;
			sourceTree = "<group>";
		};
		7E876D9829C67A2B00B1D5BC /* Home */ = {
			isa = PBXGroup;
			children = (
				7E876D9A29C67A8100B1D5BC /* FooterView.swift */,
				7EE9EB3629C6817D0073794D /* LogoView.swift */,
				7EE9EB3829C6824B0073794D /* CustomNavigationBarView.swift */,
				7EE9EB4029C6A3160073794D /* ImagePlayerView.swift */,
				7EE9EB4229C6A3B60073794D /* SliderImagesView.swift */,
			);
			path = Home;
			sourceTree = "<group>";
		};
		7E876D9929C67A4300B1D5BC /* Detail */ = {
			isa = PBXGroup;
			children = (
			);
			path = Detail;
			sourceTree = "<group>";
		};
/* End PBXGroup section */

/* Begin PBXNativeTarget section */
		7E876D7629C6777B00B1D5BC /* Touchdown */ = {
			isa = PBXNativeTarget;
			buildConfigurationList = 7E876D8529C6777F00B1D5BC /* Build configuration list for PBXNativeTarget "Touchdown" */;
			buildPhases = (
				7E876D7329C6777B00B1D5BC /* Sources */,
				7E876D7429C6777B00B1D5BC /* Frameworks */,
				7E876D7529C6777B00B1D5BC /* Resources */,
			);
			buildRules = (
			);
			dependencies = (
			);
			name = Touchdown;
			productName = Touchdown;
			productReference = 7E876D7729C6777B00B1D5BC /* Touchdown.app */;
			productType = "com.apple.product-type.application";
		};
/* End PBXNativeTarget section */

/* Begin PBXProject section */
		7E876D6F29C6777B00B1D5BC /* Project object */ = {
			isa = PBXProject;
			attributes = {
				BuildIndependentTargetsInParallel = 1;
				LastSwiftUpdateCheck = 1410;
				LastUpgradeCheck = 1410;
				TargetAttributes = {
					7E876D7629C6777B00B1D5BC = {
						CreatedOnToolsVersion = 14.1;
					};
				};
			};
			buildConfigurationList = 7E876D7229C6777B00B1D5BC /* Build configuration list for PBXProject "Touchdown" */;
			compatibilityVersion = "Xcode 14.0";
			developmentRegion = en;
			hasScannedForEncodings = 0;
			knownRegions = (
				en,
				Base,
			);
			mainGroup = 7E876D6E29C6777B00B1D5BC;
			productRefGroup = 7E876D7829C6777B00B1D5BC /* Products */;
			projectDirPath = "";
			projectRoot = "";
			targets = (
				7E876D7629C6777B00B1D5BC /* Touchdown */,
			);
		};
/* End PBXProject section */

/* Begin PBXResourcesBuildPhase section */
		7E876D7529C6777B00B1D5BC /* Resources */ = {
			isa = PBXResourcesBuildPhase;
			buildActionMask = 2147483647;
			files = (
				7E876D8E29C6780D00B1D5BC /* player.json in Resources */,
				7E876D8229C6777F00B1D5BC /* Preview Assets.xcassets in Resources */,
				7E876D8F29C6780D00B1D5BC /* category.json in Resources */,
				7E876D7F29C6777F00B1D5BC /* Assets.xcassets in Resources */,
				7E876D8D29C6780D00B1D5BC /* brand.json in Resources */,
				7E876D9029C6780D00B1D5BC /* product.json in Resources */,
			);
			runOnlyForDeploymentPostprocessing = 0;
		};
/* End PBXResourcesBuildPhase section */

/* Begin PBXSourcesBuildPhase section */
		7E876D7329C6777B00B1D5BC /* Sources */ = {
			isa = PBXSourcesBuildPhase;
			buildActionMask = 2147483647;
			files = (
				7EE9EB4129C6A3160073794D /* ImagePlayerView.swift in Sources */,
				7EE9EB4329C6A3B60073794D /* SliderImagesView.swift in Sources */,
				7E876D9B29C67A8100B1D5BC /* FooterView.swift in Sources */,
				7EE9EB3729C6817D0073794D /* LogoView.swift in Sources */,
				7EE9EB3F29C6A2A40073794D /* DecodeJsonFile+ Bundle.swift in Sources */,
				7E876D7D29C6777B00B1D5BC /* ContentView.swift in Sources */,
				7EE9EB3929C6824B0073794D /* CustomNavigationBarView.swift in Sources */,
				7EE9EB3D29C6A25C0073794D /* Player.swift in Sources */,
				7E876D7B29C6777B00B1D5BC /* TouchdownApp.swift in Sources */,
				7EE9EB3B29C69D3F0073794D /* Constants.swift in Sources */,
			);
			runOnlyForDeploymentPostprocessing = 0;
		};
/* End PBXSourcesBuildPhase section */

/* Begin XCBuildConfiguration section */
		7E876D8329C6777F00B1D5BC /* Debug */ = {
			isa = XCBuildConfiguration;
			buildSettings = {
				ALWAYS_SEARCH_USER_PATHS = NO;
				CLANG_ANALYZER_NONNULL = YES;
				CLANG_ANALYZER_NUMBER_OBJECT_CONVERSION = YES_AGGRESSIVE;
				CLANG_CXX_LANGUAGE_STANDARD = "gnu++20";
				CLANG_ENABLE_MODULES = YES;
				CLANG_ENABLE_OBJC_ARC = YES;
				CLANG_ENABLE_OBJC_WEAK = YES;
				CLANG_WARN_BLOCK_CAPTURE_AUTORELEASING = YES;
				CLANG_WARN_BOOL_CONVERSION = YES;
				CLANG_WARN_COMMA = YES;
				CLANG_WARN_CONSTANT_CONVERSION = YES;
				CLANG_WARN_DEPRECATED_OBJC_IMPLEMENTATIONS = YES;
				CLANG_WARN_DIRECT_OBJC_ISA_USAGE = YES_ERROR;
				CLANG_WARN_DOCUMENTATION_COMMENTS = YES;
				CLANG_WARN_EMPTY_BODY = YES;
				CLANG_WARN_ENUM_CONVERSION = YES;
				CLANG_WARN_INFINITE_RECURSION = YES;
				CLANG_WARN_INT_CONVERSION = YES;
				CLANG_WARN_NON_LITERAL_NULL_CONVERSION = YES;
				CLANG_WARN_OBJC_IMPLICIT_RETAIN_SELF = YES;
				CLANG_WARN_OBJC_LITERAL_CONVERSION = YES;
				CLANG_WARN_OBJC_ROOT_CLASS = YES_ERROR;
				CLANG_WARN_QUOTED_INCLUDE_IN_FRAMEWORK_HEADER = YES;
				CLANG_WARN_RANGE_LOOP_ANALYSIS = YES;
				CLANG_WARN_STRICT_PROTOTYPES = YES;
				CLANG_WARN_SUSPICIOUS_MOVE = YES;
				CLANG_WARN_UNGUARDED_AVAILABILITY = YES_AGGRESSIVE;
				CLANG_WARN_UNREACHABLE_CODE = YES;
				CLANG_WARN__DUPLICATE_METHOD_MATCH = YES;
				COPY_PHASE_STRIP = NO;
				DEBUG_INFORMATION_FORMAT = dwarf;
				ENABLE_STRICT_OBJC_MSGSEND = YES;
				ENABLE_TESTABILITY = YES;
				GCC_C_LANGUAGE_STANDARD = gnu11;
				GCC_DYNAMIC_NO_PIC = NO;
				GCC_NO_COMMON_BLOCKS = YES;
				GCC_OPTIMIZATION_LEVEL = 0;
				GCC_PREPROCESSOR_DEFINITIONS = (
					"DEBUG=1",
					"$(inherited)",
				);
				GCC_WARN_64_TO_32_BIT_CONVERSION = YES;
				GCC_WARN_ABOUT_RETURN_TYPE = YES_ERROR;
				GCC_WARN_UNDECLARED_SELECTOR = YES;
				GCC_WARN_UNINITIALIZED_AUTOS = YES_AGGRESSIVE;
				GCC_WARN_UNUSED_FUNCTION = YES;
				GCC_WARN_UNUSED_VARIABLE = YES;
				IPHONEOS_DEPLOYMENT_TARGET = 16.1;
				MTL_ENABLE_DEBUG_INFO = INCLUDE_SOURCE;
				MTL_FAST_MATH = YES;
				ONLY_ACTIVE_ARCH = YES;
				SDKROOT = iphoneos;
				SWIFT_ACTIVE_COMPILATION_CONDITIONS = DEBUG;
				SWIFT_OPTIMIZATION_LEVEL = "-Onone";
			};
			name = Debug;
		};
		7E876D8429C6777F00B1D5BC /* Release */ = {
			isa = XCBuildConfiguration;
			buildSettings = {
				ALWAYS_SEARCH_USER_PATHS = NO;
				CLANG_ANALYZER_NONNULL = YES;
				CLANG_ANALYZER_NUMBER_OBJECT_CONVERSION = YES_AGGRESSIVE;
				CLANG_CXX_LANGUAGE_STANDARD = "gnu++20";
				CLANG_ENABLE_MODULES = YES;
				CLANG_ENABLE_OBJC_ARC = YES;
				CLANG_ENABLE_OBJC_WEAK = YES;
				CLANG_WARN_BLOCK_CAPTURE_AUTORELEASING = YES;
				CLANG_WARN_BOOL_CONVERSION = YES;
				CLANG_WARN_COMMA = YES;
				CLANG_WARN_CONSTANT_CONVERSION = YES;
				CLANG_WARN_DEPRECATED_OBJC_IMPLEMENTATIONS = YES;
				CLANG_WARN_DIRECT_OBJC_ISA_USAGE = YES_ERROR;
				CLANG_WARN_DOCUMENTATION_COMMENTS = YES;
				CLANG_WARN_EMPTY_BODY = YES;
				CLANG_WARN_ENUM_CONVERSION = YES;
				CLANG_WARN_INFINITE_RECURSION = YES;
				CLANG_WARN_INT_CONVERSION = YES;
				CLANG_WARN_NON_LITERAL_NULL_CONVERSION = YES;
				CLANG_WARN_OBJC_IMPLICIT_RETAIN_SELF = YES;
				CLANG_WARN_OBJC_LITERAL_CONVERSION = YES;
				CLANG_WARN_OBJC_ROOT_CLASS = YES_ERROR;
				CLANG_WARN_QUOTED_INCLUDE_IN_FRAMEWORK_HEADER = YES;
				CLANG_WARN_RANGE_LOOP_ANALYSIS = YES;
				CLANG_WARN_STRICT_PROTOTYPES = YES;
				CLANG_WARN_SUSPICIOUS_MOVE = YES;
				CLANG_WARN_UNGUARDED_AVAILABILITY = YES_AGGRESSIVE;
				CLANG_WARN_UNREACHABLE_CODE = YES;
				CLANG_WARN__DUPLICATE_METHOD_MATCH = YES;
				COPY_PHASE_STRIP = NO;
				DEBUG_INFORMATION_FORMAT = "dwarf-with-dsym";
				ENABLE_NS_ASSERTIONS = NO;
				ENABLE_STRICT_OBJC_MSGSEND = YES;
				GCC_C_LANGUAGE_STANDARD = gnu11;
				GCC_NO_COMMON_BLOCKS = YES;
				GCC_WARN_64_TO_32_BIT_CONVERSION = YES;
				GCC_WARN_ABOUT_RETURN_TYPE = YES_ERROR;
				GCC_WARN_UNDECLARED_SELECTOR = YES;
				GCC_WARN_UNINITIALIZED_AUTOS = YES_AGGRESSIVE;
				GCC_WARN_UNUSED_FUNCTION = YES;
				GCC_WARN_UNUSED_VARIABLE = YES;
				IPHONEOS_DEPLOYMENT_TARGET = 16.1;
				MTL_ENABLE_DEBUG_INFO = NO;
				MTL_FAST_MATH = YES;
				SDKROOT = iphoneos;
				SWIFT_COMPILATION_MODE = wholemodule;
				SWIFT_OPTIMIZATION_LEVEL = "-O";
				VALIDATE_PRODUCT = YES;
			};
			name = Release;
		};
		7E876D8629C6777F00B1D5BC /* Debug */ = {
			isa = XCBuildConfiguration;
			buildSettings = {
				ASSETCATALOG_COMPILER_APPICON_NAME = AppIcon;
				ASSETCATALOG_COMPILER_GLOBAL_ACCENT_COLOR_NAME = AccentColor;
				CODE_SIGN_STYLE = Automatic;
				CURRENT_PROJECT_VERSION = 1;
				DEVELOPMENT_ASSET_PATHS = "\"Touchdown/Preview Content\"";
				ENABLE_PREVIEWS = YES;
				GENERATE_INFOPLIST_FILE = YES;
				INFOPLIST_FILE = Touchdown/Resources/Info.plist;
				INFOPLIST_KEY_UIApplicationSceneManifest_Generation = YES;
				INFOPLIST_KEY_UIApplicationSupportsIndirectInputEvents = YES;
				INFOPLIST_KEY_UISupportedInterfaceOrientations_iPad = "UIInterfaceOrientationPortrait UIInterfaceOrientationPortraitUpsideDown UIInterfaceOrientationLandscapeLeft UIInterfaceOrientationLandscapeRight";
				INFOPLIST_KEY_UISupportedInterfaceOrientations_iPhone = "UIInterfaceOrientationPortrait UIInterfaceOrientationLandscapeLeft UIInterfaceOrientationLandscapeRight";
				INFOPLIST_KEY_UIUserInterfaceStyle = Light;
				LD_RUNPATH_SEARCH_PATHS = (
					"$(inherited)",
					"@executable_path/Frameworks",
				);
				MARKETING_VERSION = 1.0;
				PRODUCT_BUNDLE_IDENTIFIER = com.tolba.Touchdown;
				PRODUCT_NAME = "$(TARGET_NAME)";
				SWIFT_EMIT_LOC_STRINGS = YES;
				SWIFT_VERSION = 5.0;
				TARGETED_DEVICE_FAMILY = "1,2";
			};
			name = Debug;
		};
		7E876D8729C6777F00B1D5BC /* Release */ = {
			isa = XCBuildConfiguration;
			buildSettings = {
				ASSETCATALOG_COMPILER_APPICON_NAME = AppIcon;
				ASSETCATALOG_COMPILER_GLOBAL_ACCENT_COLOR_NAME = AccentColor;
				CODE_SIGN_STYLE = Automatic;
				CURRENT_PROJECT_VERSION = 1;
				DEVELOPMENT_ASSET_PATHS = "\"Touchdown/Preview Content\"";
				ENABLE_PREVIEWS = YES;
				GENERATE_INFOPLIST_FILE = YES;
				INFOPLIST_FILE = Touchdown/Resources/Info.plist;
				INFOPLIST_KEY_UIApplicationSceneManifest_Generation = YES;
				INFOPLIST_KEY_UIApplicationSupportsIndirectInputEvents = YES;
				INFOPLIST_KEY_UISupportedInterfaceOrientations_iPad = "UIInterfaceOrientationPortrait UIInterfaceOrientationPortraitUpsideDown UIInterfaceOrientationLandscapeLeft UIInterfaceOrientationLandscapeRight";
				INFOPLIST_KEY_UISupportedInterfaceOrientations_iPhone = "UIInterfaceOrientationPortrait UIInterfaceOrientationLandscapeLeft UIInterfaceOrientationLandscapeRight";
				INFOPLIST_KEY_UIUserInterfaceStyle = Light;
				LD_RUNPATH_SEARCH_PATHS = (
					"$(inherited)",
					"@executable_path/Frameworks",
				);
				MARKETING_VERSION = 1.0;
				PRODUCT_BUNDLE_IDENTIFIER = com.tolba.Touchdown;
				PRODUCT_NAME = "$(TARGET_NAME)";
				SWIFT_EMIT_LOC_STRINGS = YES;
				SWIFT_VERSION = 5.0;
				TARGETED_DEVICE_FAMILY = "1,2";
			};
			name = Release;
		};
/* End XCBuildConfiguration section */

/* Begin XCConfigurationList section */
		7E876D7229C6777B00B1D5BC /* Build configuration list for PBXProject "Touchdown" */ = {
			isa = XCConfigurationList;
			buildConfigurations = (
				7E876D8329C6777F00B1D5BC /* Debug */,
				7E876D8429C6777F00B1D5BC /* Release */,
			);
			defaultConfigurationIsVisible = 0;
			defaultConfigurationName = Release;
		};
		7E876D8529C6777F00B1D5BC /* Build configuration list for PBXNativeTarget "Touchdown" */ = {
			isa = XCConfigurationList;
			buildConfigurations = (
				7E876D8629C6777F00B1D5BC /* Debug */,
				7E876D8729C6777F00B1D5BC /* Release */,
			);
			defaultConfigurationIsVisible = 0;
			defaultConfigurationName = Release;
		};
/* End XCConfigurationList section */
	};
	rootObject = 7E876D6F29C6777B00B1D5BC /* Project object */;
}
